
Microsoft Visual Studio Solution File, Format Version 12.00
# Visual Studio Version 17
VisualStudioVersion = 17.5.33516.290
MinimumVisualStudioVersion = 10.0.40219.1
Project("{FAE04EC0-301F-11D3-BF4B-00C04F79EFBC}") = "Homework_7", "Homework_7.csproj", "{C827A723-11ED-4849-BB21-CF6AD8AA0B8E}"
EndProject
Global
	GlobalSection(SolutionConfigurationPlatforms) = preSolution
		Debug|Any CPU = Debug|Any CPU
		Release|Any CPU = Release|Any CPU
	EndGlobalSection
	GlobalSection(ProjectConfigurationPlatforms) = postSolution
		{C827A723-11ED-4849-BB21-CF6AD8AA0B8E}.Debug|Any CPU.ActiveCfg = Debug|Any CPU
		{C827A723-11ED-4849-BB21-CF6AD8AA0B8E}.Debug|Any CPU.Build.0 = Debug|Any CPU
		{C827A723-11ED-4849-BB21-CF6AD8AA0B8E}.Release|Any CPU.ActiveCfg = Release|Any CPU
		{C827A723-11ED-4849-BB21-CF6AD8AA0B8E}.Release|Any CPU.Build.0 = Release|Any CPU
	EndGlobalSection
	GlobalSection(SolutionProperties) = preSolution
		HideSolutionNode = FALSE
	EndGlobalSection
	GlobalSection(ExtensibilityGlobals) = postSolution
		SolutionGuid = {3D47B52C-2BDD-4AE3-B5CD-C47ED43D17C0}
	EndGlobalSection
EndGlobal
